
Microsoft Visual Studio Solution File, Format Version 12.00
# Visual Studio Version 17
VisualStudioVersion = 17.2.32516.85
MinimumVisualStudioVersion = 10.0.40219.1
Project("{FAE04EC0-301F-11D3-BF4B-00C04F79EFBC}") = "BinanceBot", "BinanceBot.csproj", "{1924AA79-F990-4235-8B18-44F765C6751A}"
EndProject
Global
	GlobalSection(SolutionConfigurationPlatforms) = preSolution
		Debug|Any CPU = Debug|Any CPU
		Release|Any CPU = Release|Any CPU
	EndGlobalSection
	GlobalSection(ProjectConfigurationPlatforms) = postSolution
		{1924AA79-F990-4235-8B18-44F765C6751A}.Debug|Any CPU.ActiveCfg = Debug|Any CPU
		{1924AA79-F990-4235-8B18-44F765C6751A}.Debug|Any CPU.Build.0 = Debug|Any CPU
		{1924AA79-F990-4235-8B18-44F765C6751A}.Release|Any CPU.ActiveCfg = Release|Any CPU
		{1924AA79-F990-4235-8B18-44F765C6751A}.Release|Any CPU.Build.0 = Release|Any CPU
	EndGlobalSection
	GlobalSection(SolutionProperties) = preSolution
		HideSolutionNode = FALSE
	EndGlobalSection
	GlobalSection(ExtensibilityGlobals) = postSolution
		SolutionGuid = {2D1E5296-7DEA-4041-A729-C388467D1760}
	EndGlobalSection
EndGlobal
